
Microsoft Visual Studio Solution File, Format Version 12.00
# Visual Studio Version 17
VisualStudioVersion = 17.5.33502.453
MinimumVisualStudioVersion = 10.0.40219.1
Project("{888888A0-9F3D-457C-B088-3A5042F75D52}") = "desubot", "desubot.pyproj", "{812EA87D-62C9-45CD-8130-B0F37F278FDF}"
EndProject
Global
	GlobalSection(SolutionConfigurationPlatforms) = preSolution
		Debug|Any CPU = Debug|Any CPU
		Release|Any CPU = Release|Any CPU
	EndGlobalSection
	GlobalSection(ProjectConfigurationPlatforms) = postSolution
		{812EA87D-62C9-45CD-8130-B0F37F278FDF}.Debug|Any CPU.ActiveCfg = Debug|Any CPU
		{812EA87D-62C9-45CD-8130-B0F37F278FDF}.Release|Any CPU.ActiveCfg = Release|Any CPU
	EndGlobalSection
	GlobalSection(SolutionProperties) = preSolution
		HideSolutionNode = FALSE
	EndGlobalSection
	GlobalSection(ExtensibilityGlobals) = postSolution
		SolutionGuid = {5FF010D3-E1EC-4F00-B551-89F6987D60BE}
	EndGlobalSection
EndGlobal
